
Microsoft Visual Studio Solution File, Format Version 12.00
# Visual Studio Version 17
VisualStudioVersion = 17.6.33801.468
MinimumVisualStudioVersion = 10.0.40219.1
Project("{9A19103F-16F7-4668-BE54-9A1E7A4F7556}") = "Animal Repair", "Animal Repair.csproj", "{355F4577-5C17-4885-99A5-093CC26A8015}"
EndProject
Project("{9A19103F-16F7-4668-BE54-9A1E7A4F7556}") = "AnimalRepair.DAL", "..\AnimalRepair.DAL\AnimalRepair.DAL.csproj", "{D49047F2-C971-4F52-AD13-F3F4C6F12B79}"
EndProject
Project("{9A19103F-16F7-4668-BE54-9A1E7A4F7556}") = "AnimalRepair.BLL", "..\AnimalRepair.BAL\AnimalRepair.BLL.csproj", "{578CAD44-A537-4303-948D-E6445BF3AF54}"
EndProject
Global
	GlobalSection(SolutionConfigurationPlatforms) = preSolution
		Debug|Any CPU = Debug|Any CPU
		Release|Any CPU = Release|Any CPU
	EndGlobalSection
	GlobalSection(ProjectConfigurationPlatforms) = postSolution
		{355F4577-5C17-4885-99A5-093CC26A8015}.Debug|Any CPU.ActiveCfg = Debug|Any CPU
		{355F4577-5C17-4885-99A5-093CC26A8015}.Debug|Any CPU.Build.0 = Debug|Any CPU
		{355F4577-5C17-4885-99A5-093CC26A8015}.Release|Any CPU.ActiveCfg = Release|Any CPU
		{355F4577-5C17-4885-99A5-093CC26A8015}.Release|Any CPU.Build.0 = Release|Any CPU
		{D49047F2-C971-4F52-AD13-F3F4C6F12B79}.Debug|Any CPU.ActiveCfg = Debug|Any CPU
		{D49047F2-C971-4F52-AD13-F3F4C6F12B79}.Debug|Any CPU.Build.0 = Debug|Any CPU
		{D49047F2-C971-4F52-AD13-F3F4C6F12B79}.Release|Any CPU.ActiveCfg = Release|Any CPU
		{D49047F2-C971-4F52-AD13-F3F4C6F12B79}.Release|Any CPU.Build.0 = Release|Any CPU
		{578CAD44-A537-4303-948D-E6445BF3AF54}.Debug|Any CPU.ActiveCfg = Debug|Any CPU
		{578CAD44-A537-4303-948D-E6445BF3AF54}.Debug|Any CPU.Build.0 = Debug|Any CPU
		{578CAD44-A537-4303-948D-E6445BF3AF54}.Release|Any CPU.ActiveCfg = Release|Any CPU
		{578CAD44-A537-4303-948D-E6445BF3AF54}.Release|Any CPU.Build.0 = Release|Any CPU
	EndGlobalSection
	GlobalSection(SolutionProperties) = preSolution
		HideSolutionNode = FALSE
	EndGlobalSection
	GlobalSection(ExtensibilityGlobals) = postSolution
		SolutionGuid = {D2E3796A-5C35-434F-94D4-66854D3A1B67}
	EndGlobalSection
EndGlobal
